
Microsoft Visual Studio Solution File, Format Version 12.00
# Visual Studio Version 17
VisualStudioVersion = 17.7.34031.279
MinimumVisualStudioVersion = 10.0.40219.1
Project("{FAE04EC0-301F-11D3-BF4B-00C04F79EFBC}") = "WebSocket.Dome", "WebSocket.Dome.csproj", "{A6623296-D02A-4793-9C56-7E21230FD1BB}"
EndProject
Global
	GlobalSection(SolutionConfigurationPlatforms) = preSolution
		Debug|Any CPU = Debug|Any CPU
		Release|Any CPU = Release|Any CPU
	EndGlobalSection
	GlobalSection(ProjectConfigurationPlatforms) = postSolution
		{A6623296-D02A-4793-9C56-7E21230FD1BB}.Debug|Any CPU.ActiveCfg = Debug|Any CPU
		{A6623296-D02A-4793-9C56-7E21230FD1BB}.Debug|Any CPU.Build.0 = Debug|Any CPU
		{A6623296-D02A-4793-9C56-7E21230FD1BB}.Release|Any CPU.ActiveCfg = Release|Any CPU
		{A6623296-D02A-4793-9C56-7E21230FD1BB}.Release|Any CPU.Build.0 = Release|Any CPU
	EndGlobalSection
	GlobalSection(SolutionProperties) = preSolution
		HideSolutionNode = FALSE
	EndGlobalSection
	GlobalSection(ExtensibilityGlobals) = postSolution
		SolutionGuid = {729AD3D6-9AB1-48B4-BF00-89085465BD1F}
	EndGlobalSection
EndGlobal
